
Microsoft Visual Studio Solution File, Format Version 12.00
# Visual Studio Version 16
VisualStudioVersion = 16.0.31424.327
MinimumVisualStudioVersion = 10.0.40219.1
Project("{FAE04EC0-301F-11D3-BF4B-00C04F79EFBC}") = "Degiskenler_Integer", "Degiskenler_Integer\Degiskenler_Integer.csproj", "{4FE8C253-9584-4211-AF14-5730A5029AA2}"
EndProject
Global
	GlobalSection(SolutionConfigurationPlatforms) = preSolution
		Debug|Any CPU = Debug|Any CPU
		Release|Any CPU = Release|Any CPU
	EndGlobalSection
	GlobalSection(ProjectConfigurationPlatforms) = postSolution
		{4FE8C253-9584-4211-AF14-5730A5029AA2}.Debug|Any CPU.ActiveCfg = Debug|Any CPU
		{4FE8C253-9584-4211-AF14-5730A5029AA2}.Debug|Any CPU.Build.0 = Debug|Any CPU
		{4FE8C253-9584-4211-AF14-5730A5029AA2}.Release|Any CPU.ActiveCfg = Release|Any CPU
		{4FE8C253-9584-4211-AF14-5730A5029AA2}.Release|Any CPU.Build.0 = Release|Any CPU
	EndGlobalSection
	GlobalSection(SolutionProperties) = preSolution
		HideSolutionNode = FALSE
	EndGlobalSection
	GlobalSection(ExtensibilityGlobals) = postSolution
		SolutionGuid = {B95F5991-0FCA-47A3-8058-7B1AC07F1309}
	EndGlobalSection
EndGlobal
