
Microsoft Visual Studio Solution File, Format Version 12.00
# Visual Studio Version 16
VisualStudioVersion = 16.0.31424.327
MinimumVisualStudioVersion = 10.0.40219.1
Project("{FAE04EC0-301F-11D3-BF4B-00C04F79EFBC}") = "Ucus_Rezervasyon", "Ucus_Rezervasyon\Ucus_Rezervasyon.csproj", "{C8325E37-9706-4DC6-B605-D69E35373338}"
EndProject
Global
	GlobalSection(SolutionConfigurationPlatforms) = preSolution
		Debug|Any CPU = Debug|Any CPU
		Release|Any CPU = Release|Any CPU
	EndGlobalSection
	GlobalSection(ProjectConfigurationPlatforms) = postSolution
		{C8325E37-9706-4DC6-B605-D69E35373338}.Debug|Any CPU.ActiveCfg = Debug|Any CPU
		{C8325E37-9706-4DC6-B605-D69E35373338}.Debug|Any CPU.Build.0 = Debug|Any CPU
		{C8325E37-9706-4DC6-B605-D69E35373338}.Release|Any CPU.ActiveCfg = Release|Any CPU
		{C8325E37-9706-4DC6-B605-D69E35373338}.Release|Any CPU.Build.0 = Release|Any CPU
	EndGlobalSection
	GlobalSection(SolutionProperties) = preSolution
		HideSolutionNode = FALSE
	EndGlobalSection
	GlobalSection(ExtensibilityGlobals) = postSolution
		SolutionGuid = {3989F6DD-CFDC-4671-BA68-B56B63FEADB4}
	EndGlobalSection
EndGlobal
