
Microsoft Visual Studio Solution File, Format Version 12.00
# Visual Studio Version 16
VisualStudioVersion = 16.0.31424.327
MinimumVisualStudioVersion = 10.0.40219.1
Project("{FAE04EC0-301F-11D3-BF4B-00C04F79EFBC}") = "Dosya_Klasor", "Dosya_Klasor\Dosya_Klasor.csproj", "{B8D59F51-EFCA-4472-AD67-B3654AA3CF7F}"
EndProject
Global
	GlobalSection(SolutionConfigurationPlatforms) = preSolution
		Debug|Any CPU = Debug|Any CPU
		Release|Any CPU = Release|Any CPU
	EndGlobalSection
	GlobalSection(ProjectConfigurationPlatforms) = postSolution
		{B8D59F51-EFCA-4472-AD67-B3654AA3CF7F}.Debug|Any CPU.ActiveCfg = Debug|Any CPU
		{B8D59F51-EFCA-4472-AD67-B3654AA3CF7F}.Debug|Any CPU.Build.0 = Debug|Any CPU
		{B8D59F51-EFCA-4472-AD67-B3654AA3CF7F}.Release|Any CPU.ActiveCfg = Release|Any CPU
		{B8D59F51-EFCA-4472-AD67-B3654AA3CF7F}.Release|Any CPU.Build.0 = Release|Any CPU
	EndGlobalSection
	GlobalSection(SolutionProperties) = preSolution
		HideSolutionNode = FALSE
	EndGlobalSection
	GlobalSection(ExtensibilityGlobals) = postSolution
		SolutionGuid = {8F4D2ABE-FFE5-4F5F-9053-819340798AAD}
	EndGlobalSection
EndGlobal
