
Microsoft Visual Studio Solution File, Format Version 12.00
# Visual Studio Version 16
VisualStudioVersion = 16.0.31424.327
MinimumVisualStudioVersion = 10.0.40219.1
Project("{FAE04EC0-301F-11D3-BF4B-00C04F79EFBC}") = "Metotlar", "Metotlar\Metotlar.csproj", "{DF24930F-41F5-42C3-BC6B-7CED0FA98A1F}"
EndProject
Global
	GlobalSection(SolutionConfigurationPlatforms) = preSolution
		Debug|Any CPU = Debug|Any CPU
		Release|Any CPU = Release|Any CPU
	EndGlobalSection
	GlobalSection(ProjectConfigurationPlatforms) = postSolution
		{DF24930F-41F5-42C3-BC6B-7CED0FA98A1F}.Debug|Any CPU.ActiveCfg = Debug|Any CPU
		{DF24930F-41F5-42C3-BC6B-7CED0FA98A1F}.Debug|Any CPU.Build.0 = Debug|Any CPU
		{DF24930F-41F5-42C3-BC6B-7CED0FA98A1F}.Release|Any CPU.ActiveCfg = Release|Any CPU
		{DF24930F-41F5-42C3-BC6B-7CED0FA98A1F}.Release|Any CPU.Build.0 = Release|Any CPU
	EndGlobalSection
	GlobalSection(SolutionProperties) = preSolution
		HideSolutionNode = FALSE
	EndGlobalSection
	GlobalSection(ExtensibilityGlobals) = postSolution
		SolutionGuid = {671396D0-7D0C-4235-9061-974CA662BC42}
	EndGlobalSection
EndGlobal
