
Microsoft Visual Studio Solution File, Format Version 12.00
# Visual Studio Version 16
VisualStudioVersion = 16.0.31424.327
MinimumVisualStudioVersion = 10.0.40219.1
Project("{FAE04EC0-301F-11D3-BF4B-00C04F79EFBC}") = "Kullanici_Paneli", "Kullanici_Paneli\Kullanici_Paneli.csproj", "{94725F87-1A77-492C-8754-2C664FBE748A}"
EndProject
Global
	GlobalSection(SolutionConfigurationPlatforms) = preSolution
		Debug|Any CPU = Debug|Any CPU
		Release|Any CPU = Release|Any CPU
	EndGlobalSection
	GlobalSection(ProjectConfigurationPlatforms) = postSolution
		{94725F87-1A77-492C-8754-2C664FBE748A}.Debug|Any CPU.ActiveCfg = Debug|Any CPU
		{94725F87-1A77-492C-8754-2C664FBE748A}.Debug|Any CPU.Build.0 = Debug|Any CPU
		{94725F87-1A77-492C-8754-2C664FBE748A}.Release|Any CPU.ActiveCfg = Release|Any CPU
		{94725F87-1A77-492C-8754-2C664FBE748A}.Release|Any CPU.Build.0 = Release|Any CPU
	EndGlobalSection
	GlobalSection(SolutionProperties) = preSolution
		HideSolutionNode = FALSE
	EndGlobalSection
	GlobalSection(ExtensibilityGlobals) = postSolution
		SolutionGuid = {806D7611-ABE3-40C7-AE37-F889AD5F4946}
	EndGlobalSection
EndGlobal
