
Microsoft Visual Studio Solution File, Format Version 12.00
# Visual Studio Version 16
VisualStudioVersion = 16.0.31424.327
MinimumVisualStudioVersion = 10.0.40219.1
Project("{FAE04EC0-301F-11D3-BF4B-00C04F79EFBC}") = "MathFunction", "MathFunction\MathFunction.csproj", "{5AFCC6D3-DDE2-4FF4-9F74-8E9007CB9AEE}"
EndProject
Global
	GlobalSection(SolutionConfigurationPlatforms) = preSolution
		Debug|Any CPU = Debug|Any CPU
		Release|Any CPU = Release|Any CPU
	EndGlobalSection
	GlobalSection(ProjectConfigurationPlatforms) = postSolution
		{5AFCC6D3-DDE2-4FF4-9F74-8E9007CB9AEE}.Debug|Any CPU.ActiveCfg = Debug|Any CPU
		{5AFCC6D3-DDE2-4FF4-9F74-8E9007CB9AEE}.Debug|Any CPU.Build.0 = Debug|Any CPU
		{5AFCC6D3-DDE2-4FF4-9F74-8E9007CB9AEE}.Release|Any CPU.ActiveCfg = Release|Any CPU
		{5AFCC6D3-DDE2-4FF4-9F74-8E9007CB9AEE}.Release|Any CPU.Build.0 = Release|Any CPU
	EndGlobalSection
	GlobalSection(SolutionProperties) = preSolution
		HideSolutionNode = FALSE
	EndGlobalSection
	GlobalSection(ExtensibilityGlobals) = postSolution
		SolutionGuid = {8FB461CB-C855-4A95-842D-0D44D81790F1}
	EndGlobalSection
EndGlobal
