
Microsoft Visual Studio Solution File, Format Version 12.00
# Visual Studio Version 16
VisualStudioVersion = 16.0.31424.327
MinimumVisualStudioVersion = 10.0.40219.1
Project("{FAE04EC0-301F-11D3-BF4B-00C04F79EFBC}") = "EnumExample", "EnumExample\EnumExample.csproj", "{FDDA824D-CDC3-4B50-8CE9-71015101A109}"
EndProject
Global
	GlobalSection(SolutionConfigurationPlatforms) = preSolution
		Debug|Any CPU = Debug|Any CPU
		Release|Any CPU = Release|Any CPU
	EndGlobalSection
	GlobalSection(ProjectConfigurationPlatforms) = postSolution
		{FDDA824D-CDC3-4B50-8CE9-71015101A109}.Debug|Any CPU.ActiveCfg = Debug|Any CPU
		{FDDA824D-CDC3-4B50-8CE9-71015101A109}.Debug|Any CPU.Build.0 = Debug|Any CPU
		{FDDA824D-CDC3-4B50-8CE9-71015101A109}.Release|Any CPU.ActiveCfg = Release|Any CPU
		{FDDA824D-CDC3-4B50-8CE9-71015101A109}.Release|Any CPU.Build.0 = Release|Any CPU
	EndGlobalSection
	GlobalSection(SolutionProperties) = preSolution
		HideSolutionNode = FALSE
	EndGlobalSection
	GlobalSection(ExtensibilityGlobals) = postSolution
		SolutionGuid = {8090A193-3975-4C8F-8422-6516EAA02F1A}
	EndGlobalSection
EndGlobal
