
Microsoft Visual Studio Solution File, Format Version 12.00
# Visual Studio Version 16
VisualStudioVersion = 16.0.31424.327
MinimumVisualStudioVersion = 10.0.40219.1
Project("{FAE04EC0-301F-11D3-BF4B-00C04F79EFBC}") = "PointExample", "PointExample\PointExample.csproj", "{FC895C86-EC64-4332-AF74-523079B3ABE8}"
EndProject
Global
	GlobalSection(SolutionConfigurationPlatforms) = preSolution
		Debug|Any CPU = Debug|Any CPU
		Release|Any CPU = Release|Any CPU
	EndGlobalSection
	GlobalSection(ProjectConfigurationPlatforms) = postSolution
		{FC895C86-EC64-4332-AF74-523079B3ABE8}.Debug|Any CPU.ActiveCfg = Debug|Any CPU
		{FC895C86-EC64-4332-AF74-523079B3ABE8}.Debug|Any CPU.Build.0 = Debug|Any CPU
		{FC895C86-EC64-4332-AF74-523079B3ABE8}.Release|Any CPU.ActiveCfg = Release|Any CPU
		{FC895C86-EC64-4332-AF74-523079B3ABE8}.Release|Any CPU.Build.0 = Release|Any CPU
	EndGlobalSection
	GlobalSection(SolutionProperties) = preSolution
		HideSolutionNode = FALSE
	EndGlobalSection
	GlobalSection(ExtensibilityGlobals) = postSolution
		SolutionGuid = {D9CD6F61-FD40-4BB6-8E96-B681A8F2333C}
	EndGlobalSection
EndGlobal
